version = 1
revision = 2
requires-python = ">=3.13"

[[package]]
name = "colorama"
version = "0.4.6"
source = { registry = "https://pypi.org/simple" }
sdist = { url = "https://files.pythonhosted.org/packages/d8/53/6f443c9a4a8358a93a6792e2acffb9d9d5cb0a5cfd8802644b7b1c9a02e4/colorama-0.4.6.tar.gz", hash = "sha256:08695f5cb7ed6e0531a20572697297273c47b8cae5a63ffc6d6ed5c201be6e44", size = 27697, upload-time = "2022-10-25T02:36:22.414Z" }
wheels = [
    { url = "https://files.pythonhosted.org/packages/d1/d6/3965ed04c63042e047cb6a3e6ed1a63a35087b6a609aa3a15ed8ac56c221/colorama-0.4.6-py2.py3-none-any.whl", hash = "sha256:4f1d9991f5acc0ca119f9d443620b77f9d6b33703e51011c16baf57afb285fc6", size = 25335, upload-time = "2022-10-25T02:36:20.889Z" },
]

[[package]]
name = "ids"
version = "0.1.0"
source = { virtual = "." }
dependencies = [
    { name = "pytest" },
    { name = "uuid-utils" },
]

[package.metadata]
requires-dist = [
    { name = "pytest", specifier = ">=8.4.1" },
    { name = "uuid-utils", specifier = ">=0.11.0" },
]

[[package]]
name = "iniconfig"
version = "2.1.0"
source = { registry = "https://pypi.org/simple" }
sdist = { url = "https://files.pythonhosted.org/packages/f2/97/ebf4da567aa6827c909642694d71c9fcf53e5b504f2d96afea02718862f3/iniconfig-2.1.0.tar.gz", hash = "sha256:3abbd2e30b36733fee78f9c7f7308f2d0050e88f0087fd25c2645f63c773e1c7", size = 4793, upload-time = "2025-03-19T20:09:59.721Z" }
wheels = [
    { url = "https://files.pythonhosted.org/packages/2c/e1/e6716421ea10d38022b952c159d5161ca1193197fb744506875fbb87ea7b/iniconfig-2.1.0-py3-none-any.whl", hash = "sha256:9deba5723312380e77435581c6bf4935c94cbfab9b1ed33ef8d238ea168eb760", size = 6050, upload-time = "2025-03-19T20:10:01.071Z" },
]

[[package]]
name = "packaging"
version = "25.0"
source = { registry = "https://pypi.org/simple" }
sdist = { url = "https://files.pythonhosted.org/packages/a1/d4/1fc4078c65507b51b96ca8f8c3ba19e6a61c8253c72794544580a7b6c24d/packaging-25.0.tar.gz", hash = "sha256:d443872c98d677bf60f6a1f2f8c1cb748e8fe762d2bf9d3148b5599295b0fc4f", size = 165727, upload-time = "2025-04-19T11:48:59.673Z" }
wheels = [
    { url = "https://files.pythonhosted.org/packages/20/12/38679034af332785aac8774540895e234f4d07f7545804097de4b666afd8/packaging-25.0-py3-none-any.whl", hash = "sha256:29572ef2b1f17581046b3a2227d5c611fb25ec70ca1ba8554b24b0e69331a484", size = 66469, upload-time = "2025-04-19T11:48:57.875Z" },
]

[[package]]
name = "pluggy"
version = "1.6.0"
source = { registry = "https://pypi.org/simple" }
sdist = { url = "https://files.pythonhosted.org/packages/f9/e2/3e91f31a7d2b083fe6ef3fa267035b518369d9511ffab804f839851d2779/pluggy-1.6.0.tar.gz", hash = "sha256:7dcc130b76258d33b90f61b658791dede3486c3e6bfb003ee5c9bfb396dd22f3", size = 69412, upload-time = "2025-05-15T12:30:07.975Z" }
wheels = [
    { url = "https://files.pythonhosted.org/packages/54/20/4d324d65cc6d9205fabedc306948156824eb9f0ee1633355a8f7ec5c66bf/pluggy-1.6.0-py3-none-any.whl", hash = "sha256:e920276dd6813095e9377c0bc5566d94c932c33b27a3e3945d8389c374dd4746", size = 20538, upload-time = "2025-05-15T12:30:06.134Z" },
]

[[package]]
name = "pygments"
version = "2.19.2"
source = { registry = "https://pypi.org/simple" }
sdist = { url = "https://files.pythonhosted.org/packages/b0/77/a5b8c569bf593b0140bde72ea885a803b82086995367bf2037de0159d924/pygments-2.19.2.tar.gz", hash = "sha256:636cb2477cec7f8952536970bc533bc43743542f70392ae026374600add5b887", size = 4968631, upload-time = "2025-06-21T13:39:12.283Z" }
wheels = [
    { url = "https://files.pythonhosted.org/packages/c7/21/705964c7812476f378728bdf590ca4b771ec72385c533964653c68e86bdc/pygments-2.19.2-py3-none-any.whl", hash = "sha256:86540386c03d588bb81d44bc3928634ff26449851e99741617ecb9037ee5ec0b", size = 1225217, upload-time = "2025-06-21T13:39:07.939Z" },
]

[[package]]
name = "pytest"
version = "8.4.1"
source = { registry = "https://pypi.org/simple" }
dependencies = [
    { name = "colorama", marker = "sys_platform == 'win32'" },
    { name = "iniconfig" },
    { name = "packaging" },
    { name = "pluggy" },
    { name = "pygments" },
]
sdist = { url = "https://files.pythonhosted.org/packages/08/ba/45911d754e8eba3d5a841a5ce61a65a685ff1798421ac054f85aa8747dfb/pytest-8.4.1.tar.gz", hash = "sha256:7c67fd69174877359ed9371ec3af8a3d2b04741818c51e5e99cc1742251fa93c", size = 1517714, upload-time = "2025-06-18T05:48:06.109Z" }
wheels = [
    { url = "https://files.pythonhosted.org/packages/29/16/c8a903f4c4dffe7a12843191437d7cd8e32751d5de349d45d3fe69544e87/pytest-8.4.1-py3-none-any.whl", hash = "sha256:539c70ba6fcead8e78eebbf1115e8b589e7565830d7d006a8723f19ac8a0afb7", size = 365474, upload-time = "2025-06-18T05:48:03.955Z" },
]

[[package]]
name = "uuid-utils"
version = "0.11.0"
source = { registry = "https://pypi.org/simple" }
sdist = { url = "https://files.pythonhosted.org/packages/24/7f/7d83b937889d65682d95b40c94ba226b353d3f532290ee3acb17c8746e49/uuid_utils-0.11.0.tar.gz", hash = "sha256:18cf2b7083da7f3cca0517647213129eb16d20d7ed0dd74b3f4f8bff2aa334ea", size = 18854, upload-time = "2025-05-22T11:23:15.596Z" }
wheels = [
    { url = "https://files.pythonhosted.org/packages/d2/20/4a34f2a6e77b1f0f3334b111e4d2411fc8646ab2987892a36507e2d6a498/uuid_utils-0.11.0-cp39-abi3-macosx_10_12_x86_64.macosx_11_0_arm64.macosx_10_12_universal2.whl", hash = "sha256:094445ccd323bc5507e28e9d6d86b983513efcf19ab59c2dd75239cef765631a", size = 593779, upload-time = "2025-05-22T11:22:41.36Z" },
    { url = "https://files.pythonhosted.org/packages/a1/a1/1897cd3d37144f698392ec8aae89da2c00c6d34acd77f75312477f4510ab/uuid_utils-0.11.0-cp39-abi3-macosx_10_12_x86_64.whl", hash = "sha256:6430b53d343215f85269ffd74e1d1f4b25ae1031acf0ac24ff3d5721f6a06f48", size = 300848, upload-time = "2025-05-22T11:22:43.221Z" },
    { url = "https://files.pythonhosted.org/packages/d4/36/3ae8896de8a5320a9e7529452ed29af0082daf8c3787f17c5cbf9defc651/uuid_utils-0.11.0-cp39-abi3-manylinux_2_17_aarch64.manylinux2014_aarch64.whl", hash = "sha256:be2e6e4318d23195887fa74fa1d64565a34f7127fdcf22918954981d79765f68", size = 336053, upload-time = "2025-05-22T11:22:44.741Z" },
    { url = "https://files.pythonhosted.org/packages/fe/b6/751e84cd056074a40ca9ac21db6ca4802e31d78207309c0d9c8ff69cd43b/uuid_utils-0.11.0-cp39-abi3-manylinux_2_17_armv7l.manylinux2014_armv7l.whl", hash = "sha256:d37289ab72aa30b5550bfa64d91431c62c89e4969bdf989988aa97f918d5f803", size = 338529, upload-time = "2025-05-22T11:22:46.303Z" },
    { url = "https://files.pythonhosted.org/packages/3b/c2/f6a1c00a1b067a886fc57c24da46bb0bcb753c92afb898871c6df3ae606f/uuid_utils-0.11.0-cp39-abi3-manylinux_2_17_ppc64le.manylinux2014_ppc64le.whl", hash = "sha256:1012595220f945fe09641f1365a8a06915bf432cac1b31ebd262944934a9b787", size = 480378, upload-time = "2025-05-22T11:22:47.482Z" },
    { url = "https://files.pythonhosted.org/packages/60/ea/cefc0521e07a35e85416d145382ac4817957cdec037271d0c9e27cbc7d45/uuid_utils-0.11.0-cp39-abi3-manylinux_2_17_x86_64.manylinux2014_x86_64.whl", hash = "sha256:35cd3fc718a673e4516e87afb9325558969eca513aa734515b9031d1b651bbb1", size = 332220, upload-time = "2025-05-22T11:22:48.55Z" },
    { url = "https://files.pythonhosted.org/packages/03/91/5929f209bd4660a7e3b4d47d26189d3cf33e14297312a5f51f5451805fec/uuid_utils-0.11.0-cp39-abi3-manylinux_2_5_i686.manylinux1_i686.whl", hash = "sha256:ed325e0c40e0f59ae82b347f534df954b50cedf12bf60d025625538530e1965d", size = 359052, upload-time = "2025-05-22T11:22:49.617Z" },
    { url = "https://files.pythonhosted.org/packages/d8/0d/32034d5b13bc07dd95f23122cb743b4eeca8e6d88173ea3c7100c67b6269/uuid_utils-0.11.0-cp39-abi3-musllinux_1_2_aarch64.whl", hash = "sha256:5c8b7cf201990ee3140956e541967bd556a7365ec738cb504b04187ad89c757a", size = 515186, upload-time = "2025-05-22T11:22:50.808Z" },
    { url = "https://files.pythonhosted.org/packages/e7/43/ccf2474f723d6de5e214c22999ffb34219acf83d1e3fff6a4734172e10c0/uuid_utils-0.11.0-cp39-abi3-musllinux_1_2_i686.whl", hash = "sha256:9966df55bed5d538ba2e9cc40115796480f437f9007727116ef99dc2f42bd5fa", size = 535318, upload-time = "2025-05-22T11:22:52.304Z" },
    { url = "https://files.pythonhosted.org/packages/fb/05/f668b4ad2b3542cd021c4b27d1ff4e425f854f299bcf7ee36f304399a58c/uuid_utils-0.11.0-cp39-abi3-musllinux_1_2_x86_64.whl", hash = "sha256:cb04b6c604968424b7e6398d54debbdd5b771b39fc1e648c6eabf3f1dc20582e", size = 502691, upload-time = "2025-05-22T11:22:53.483Z" },
    { url = "https://files.pythonhosted.org/packages/9e/0b/b906301638eef837c89b19206989dbe27794c591d794ecc06167d9a47c41/uuid_utils-0.11.0-cp39-abi3-win32.whl", hash = "sha256:18420eb3316bb514f09f2da15750ac135478c3a12a704e2c5fb59eab642bb255", size = 180147, upload-time = "2025-05-22T11:22:54.598Z" },
    { url = "https://files.pythonhosted.org/packages/56/99/ad24ee5ecfc5fbd4a4490bb59c0e72ce604d5eef08683d345546ff6a6f2d/uuid_utils-0.11.0-cp39-abi3-win_amd64.whl", hash = "sha256:37c4805af61a7cce899597d34e7c3dd5cb6a8b4b93a90fbca3826b071ba544df", size = 183574, upload-time = "2025-05-22T11:22:55.581Z" },
    { url = "https://files.pythonhosted.org/packages/0e/76/2301b1d34defc8c234596ffb6e6d456cd7ef061d108e10a14ceda5ec5d4b/uuid_utils-0.11.0-cp39-abi3-win_arm64.whl", hash = "sha256:4065cf17bbe97f6d8ccc7dc6a0bae7d28fd4797d7f32028a5abd979aeb7bf7c9", size = 181014, upload-time = "2025-05-22T11:22:56.575Z" },
]
